
Microsoft Visual Studio Solution File, Format Version 12.00
# Visual Studio Version 17
VisualStudioVersion = 17.5.002.0
MinimumVisualStudioVersion = 10.0.40219.1
Project("{9A19103F-16F7-4668-BE54-9A1E7A4F7556}") = "AuthentikProxy", "AuthentikProxy.csproj", "{093BA927-BE7C-4D0E-B54E-36A223F03350}"
EndProject
Global
	GlobalSection(SolutionConfigurationPlatforms) = preSolution
		Debug|Any CPU = Debug|Any CPU
		Release|Any CPU = Release|Any CPU
	EndGlobalSection
	GlobalSection(ProjectConfigurationPlatforms) = postSolution
		{093BA927-BE7C-4D0E-B54E-36A223F03350}.Debug|Any CPU.ActiveCfg = Debug|Any CPU
		{093BA927-BE7C-4D0E-B54E-36A223F03350}.Debug|Any CPU.Build.0 = Debug|Any CPU
		{093BA927-BE7C-4D0E-B54E-36A223F03350}.Release|Any CPU.ActiveCfg = Release|Any CPU
		{093BA927-BE7C-4D0E-B54E-36A223F03350}.Release|Any CPU.Build.0 = Release|Any CPU
	EndGlobalSection
	GlobalSection(SolutionProperties) = preSolution
		HideSolutionNode = FALSE
	EndGlobalSection
	GlobalSection(ExtensibilityGlobals) = postSolution
		SolutionGuid = {54CDE6AA-2B82-4B46-AAF1-656628D16DDC}
	EndGlobalSection
EndGlobal
